
Microsoft Visual Studio Solution File, Format Version 12.00
# Visual Studio Version 16
VisualStudioVersion = 16.0.30611.23
MinimumVisualStudioVersion = 10.0.40219.1
Project("{8BC9CEB8-8B4A-11D0-8D11-00A0C91BC942}") = "binary", "binary.vcxproj", "{D4C25107-25EB-46B8-AA75-62BFB5E6F3C8}"
EndProject
Global
	GlobalSection(SolutionConfigurationPlatforms) = preSolution
		Debug|x64 = Debug|x64
		Debug|x86 = Debug|x86
		Release|x64 = Release|x64
		Release|x86 = Release|x86
	EndGlobalSection
	GlobalSection(ProjectConfigurationPlatforms) = postSolution
		{D4C25107-25EB-46B8-AA75-62BFB5E6F3C8}.Debug|x64.ActiveCfg = Debug|x64
		{D4C25107-25EB-46B8-AA75-62BFB5E6F3C8}.Debug|x64.Build.0 = Debug|x64
		{D4C25107-25EB-46B8-AA75-62BFB5E6F3C8}.Debug|x86.ActiveCfg = Debug|Win32
		{D4C25107-25EB-46B8-AA75-62BFB5E6F3C8}.Debug|x86.Build.0 = Debug|Win32
		{D4C25107-25EB-46B8-AA75-62BFB5E6F3C8}.Release|x64.ActiveCfg = Release|x64
		{D4C25107-25EB-46B8-AA75-62BFB5E6F3C8}.Release|x64.Build.0 = Release|x64
		{D4C25107-25EB-46B8-AA75-62BFB5E6F3C8}.Release|x86.ActiveCfg = Release|Win32
		{D4C25107-25EB-46B8-AA75-62BFB5E6F3C8}.Release|x86.Build.0 = Release|Win32
	EndGlobalSection
	GlobalSection(SolutionProperties) = preSolution
		HideSolutionNode = FALSE
	EndGlobalSection
	GlobalSection(ExtensibilityGlobals) = postSolution
		SolutionGuid = {82EA3566-772B-4A1C-80A1-5B6038618C0D}
	EndGlobalSection
EndGlobal
