
Microsoft Visual Studio Solution File, Format Version 12.00
# Visual Studio Version 16
VisualStudioVersion = 16.0.30611.23
MinimumVisualStudioVersion = 10.0.40219.1
Project("{8BC9CEB8-8B4A-11D0-8D11-00A0C91BC942}") = "函数加法", "函数加法.vcxproj", "{78671325-251E-4B2C-AB6D-0B8490EFDA31}"
EndProject
Global
	GlobalSection(SolutionConfigurationPlatforms) = preSolution
		Debug|x64 = Debug|x64
		Debug|x86 = Debug|x86
		Release|x64 = Release|x64
		Release|x86 = Release|x86
	EndGlobalSection
	GlobalSection(ProjectConfigurationPlatforms) = postSolution
		{78671325-251E-4B2C-AB6D-0B8490EFDA31}.Debug|x64.ActiveCfg = Debug|x64
		{78671325-251E-4B2C-AB6D-0B8490EFDA31}.Debug|x64.Build.0 = Debug|x64
		{78671325-251E-4B2C-AB6D-0B8490EFDA31}.Debug|x86.ActiveCfg = Debug|Win32
		{78671325-251E-4B2C-AB6D-0B8490EFDA31}.Debug|x86.Build.0 = Debug|Win32
		{78671325-251E-4B2C-AB6D-0B8490EFDA31}.Release|x64.ActiveCfg = Release|x64
		{78671325-251E-4B2C-AB6D-0B8490EFDA31}.Release|x64.Build.0 = Release|x64
		{78671325-251E-4B2C-AB6D-0B8490EFDA31}.Release|x86.ActiveCfg = Release|Win32
		{78671325-251E-4B2C-AB6D-0B8490EFDA31}.Release|x86.Build.0 = Release|Win32
	EndGlobalSection
	GlobalSection(SolutionProperties) = preSolution
		HideSolutionNode = FALSE
	EndGlobalSection
	GlobalSection(ExtensibilityGlobals) = postSolution
		SolutionGuid = {DD85119A-881A-4B3B-AB03-93D09C1C4978}
	EndGlobalSection
EndGlobal
